// !$*UTF8*$!
{
	archiveVersion = 1;
	classes = {
	};
	objectVersion = 50;
	objects = {

/* Begin PBXBuildFile section */
		002A12D82248DEE2007470E7 /* AppDelegate.m in Sources */ = {isa = PBXBuildFile; fileRef = 002A12D72248DEE2007470E7 /* AppDelegate.m */; };
		002A12DB2248DEE2007470E7 /* ViewController.m in Sources */ = {isa = PBXBuildFile; fileRef = 002A12DA2248DEE2007470E7 /* ViewController.m */; };
		002A12DD2248DEE3007470E7 /* Assets.xcassets in Resources */ = {isa = PBXBuildFile; fileRef = 002A12DC2248DEE3007470E7 /* Assets.xcassets */; };
		002A12E02248DEE3007470E7 /* Main.storyboard in Resources */ = {isa = PBXBuildFile; fileRef = 002A12DE2248DEE3007470E7 /* Main.storyboard */; };
		002A12E32248DEE3007470E7 /* main.m in Sources */ = {isa = PBXBuildFile; fileRef = 002A12E22248DEE3007470E7 /* main.m */; };
		002A12F22248DEF7007470E7 /* AppDelegate.m in Sources */ = {isa = PBXBuildFile; fileRef = 002A12F12248DEF7007470E7 /* AppDelegate.m */; };
		002A12F52248DEF7007470E7 /* ViewController.m in Sources */ = {isa = PBXBuildFile; fileRef = 002A12F42248DEF7007470E7 /* ViewController.m */; };
		002A12F82248DEF7007470E7 /* Main.storyboard in Resources */ = {isa = PBXBuildFile; fileRef = 002A12F62248DEF7007470E7 /* Main.storyboard */; };
		002A12FA2248DEF8007470E7 /* Assets.xcassets in Resources */ = {isa = PBXBuildFile; fileRef = 002A12F92248DEF8007470E7 /* Assets.xcassets */; };
		002A12FD2248DEF8007470E7 /* LaunchScreen.storyboard in Resources */ = {isa = PBXBuildFile; fileRef = 002A12FB2248DEF8007470E7 /* LaunchScreen.storyboard */; };
		002A13002248DEF8007470E7 /* main.m in Sources */ = {isa = PBXBuildFile; fileRef = 002A12FF2248DEF8007470E7 /* main.m */; };
		BA5C7E76B21DAD66DCC519D4 /* libPods-CCOgg.a in Frameworks */ = {isa = PBXBuildFile; fileRef = 26376BC95090F30C29179A3E /* libPods-CCOgg.a */; };
		C7BB62B9830152D769C54D78 /* libPods-CCOggiOS.a in Frameworks */ = {isa = PBXBuildFile; fileRef = 223C825B69306A225BBE8923 /* libPods-CCOggiOS.a */; };
/* End PBXBuildFile section */

/* Begin PBXFileReference section */
		002A12D32248DEE2007470E7 /* CCOgg.app */ = {isa = PBXFileReference; explicitFileType = wrapper.application; includeInIndex = 0; path = CCOgg.app; sourceTree = BUILT_PRODUCTS_DIR; };
		002A12D62248DEE2007470E7 /* AppDelegate.h */ = {isa = PBXFileReference; lastKnownFileType = sourcecode.c.h; path = AppDelegate.h; sourceTree = "<group>"; };
		002A12D72248DEE2007470E7 /* AppDelegate.m */ = {isa = PBXFileReference; lastKnownFileType = sourcecode.c.objc; path = AppDelegate.m; sourceTree = "<group>"; };
		002A12D92248DEE2007470E7 /* ViewController.h */ = {isa = PBXFileReference; lastKnownFileType = sourcecode.c.h; path = ViewController.h; sourceTree = "<group>"; };
		002A12DA2248DEE2007470E7 /* ViewController.m */ = {isa = PBXFileReference; lastKnownFileType = sourcecode.c.objc; path = ViewController.m; sourceTree = "<group>"; };
		002A12DC2248DEE3007470E7 /* Assets.xcassets */ = {isa = PBXFileReference; lastKnownFileType = folder.assetcatalog; path = Assets.xcassets; sourceTree = "<group>"; };
		002A12DF2248DEE3007470E7 /* Base */ = {isa = PBXFileReference; lastKnownFileType = file.storyboard; name = Base; path = Base.lproj/Main.storyboard; sourceTree = "<group>"; };
		002A12E12248DEE3007470E7 /* Info.plist */ = {isa = PBXFileReference; lastKnownFileType = text.plist.xml; path = Info.plist; sourceTree = "<group>"; };
		002A12E22248DEE3007470E7 /* main.m */ = {isa = PBXFileReference; lastKnownFileType = sourcecode.c.objc; path = main.m; sourceTree = "<group>"; };
		002A12E42248DEE3007470E7 /* CCOgg.entitlements */ = {isa = PBXFileReference; lastKnownFileType = text.plist.entitlements; path = CCOgg.entitlements; sourceTree = "<group>"; };
		002A12EE2248DEF7007470E7 /* CCOggiOS.app */ = {isa = PBXFileReference; explicitFileType = wrapper.application; includeInIndex = 0; path = CCOggiOS.app; sourceTree = BUILT_PRODUCTS_DIR; };
		002A12F02248DEF7007470E7 /* AppDelegate.h */ = {isa = PBXFileReference; lastKnownFileType = sourcecode.c.h; path = AppDelegate.h; sourceTree = "<group>"; };
		002A12F12248DEF7007470E7 /* AppDelegate.m */ = {isa = PBXFileReference; lastKnownFileType = sourcecode.c.objc; path = AppDelegate.m; sourceTree = "<group>"; };
		002A12F32248DEF7007470E7 /* ViewController.h */ = {isa = PBXFileReference; lastKnownFileType = sourcecode.c.h; path = ViewController.h; sourceTree = "<group>"; };
		002A12F42248DEF7007470E7 /* ViewController.m */ = {isa = PBXFileReference; lastKnownFileType = sourcecode.c.objc; path = ViewController.m; sourceTree = "<group>"; };
		002A12F72248DEF7007470E7 /* Base */ = {isa = PBXFileReference; lastKnownFileType = file.storyboard; name = Base; path = Base.lproj/Main.storyboard; sourceTree = "<group>"; };
		002A12F92248DEF8007470E7 /* Assets.xcassets */ = {isa = PBXFileReference; lastKnownFileType = folder.assetcatalog; path = Assets.xcassets; sourceTree = "<group>"; };
		002A12FC2248DEF8007470E7 /* Base */ = {isa = PBXFileReference; lastKnownFileType = file.storyboard; name = Base; path = Base.lproj/LaunchScreen.storyboard; sourceTree = "<group>"; };
		002A12FE2248DEF8007470E7 /* Info.plist */ = {isa = PBXFileReference; lastKnownFileType = text.plist.xml; path = Info.plist; sourceTree = "<group>"; };
		002A12FF2248DEF8007470E7 /* main.m */ = {isa = PBXFileReference; lastKnownFileType = sourcecode.c.objc; path = main.m; sourceTree = "<group>"; };
		1D9B922C04D0AAB7212E5EA1 /* Pods-CCOggiOS.debug.xcconfig */ = {isa = PBXFileReference; includeInIndex = 1; lastKnownFileType = text.xcconfig; name = "Pods-CCOggiOS.debug.xcconfig"; path = "Target Support Files/Pods-CCOggiOS/Pods-CCOggiOS.debug.xcconfig"; sourceTree = "<group>"; };
		223C825B69306A225BBE8923 /* libPods-CCOggiOS.a */ = {isa = PBXFileReference; explicitFileType = archive.ar; includeInIndex = 0; path = "libPods-CCOggiOS.a"; sourceTree = BUILT_PRODUCTS_DIR; };
		26376BC95090F30C29179A3E /* libPods-CCOgg.a */ = {isa = PBXFileReference; explicitFileType = archive.ar; includeInIndex = 0; path = "libPods-CCOgg.a"; sourceTree = BUILT_PRODUCTS_DIR; };
		97F241314ACE0A7748663A80 /* Pods-CCOgg.release.xcconfig */ = {isa = PBXFileReference; includeInIndex = 1; lastKnownFileType = text.xcconfig; name = "Pods-CCOgg.release.xcconfig"; path = "Target Support Files/Pods-CCOgg/Pods-CCOgg.release.xcconfig"; sourceTree = "<group>"; };
		D3BBC987F5067119C86F359E /* Pods-CCOgg.debug.xcconfig */ = {isa = PBXFileReference; includeInIndex = 1; lastKnownFileType = text.xcconfig; name = "Pods-CCOgg.debug.xcconfig"; path = "Target Support Files/Pods-CCOgg/Pods-CCOgg.debug.xcconfig"; sourceTree = "<group>"; };
		E4A258A875FFCF719C4DA408 /* Pods-CCOggiOS.release.xcconfig */ = {isa = PBXFileReference; includeInIndex = 1; lastKnownFileType = text.xcconfig; name = "Pods-CCOggiOS.release.xcconfig"; path = "Target Support Files/Pods-CCOggiOS/Pods-CCOggiOS.release.xcconfig"; sourceTree = "<group>"; };
/* End PBXFileReference section */

/* Begin PBXFrameworksBuildPhase section */
		002A12D02248DEE2007470E7 /* Frameworks */ = {
			isa = PBXFrameworksBuildPhase;
			buildActionMask = 2147483647;
			files = (
				BA5C7E76B21DAD66DCC519D4 /* libPods-CCOgg.a in Frameworks */,
			);
			runOnlyForDeploymentPostprocessing = 0;
		};
		002A12EB2248DEF7007470E7 /* Frameworks */ = {
			isa = PBXFrameworksBuildPhase;
			buildActionMask = 2147483647;
			files = (
				C7BB62B9830152D769C54D78 /* libPods-CCOggiOS.a in Frameworks */,
			);
			runOnlyForDeploymentPostprocessing = 0;
		};
/* End PBXFrameworksBuildPhase section */

/* Begin PBXGroup section */
		002A12CA2248DEE2007470E7 = {
			isa = PBXGroup;
			children = (
				002A12D52248DEE2007470E7 /* CCOgg */,
				002A12EF2248DEF7007470E7 /* CCOggiOS */,
				002A12D42248DEE2007470E7 /* Products */,
				71C3622E7E20B4FE03CE8FF3 /* Pods */,
				20760F906104DC416FCD72E6 /* Frameworks */,
			);
			sourceTree = "<group>";
		};
		002A12D42248DEE2007470E7 /* Products */ = {
			isa = PBXGroup;
			children = (
				002A12D32248DEE2007470E7 /* CCOgg.app */,
				002A12EE2248DEF7007470E7 /* CCOggiOS.app */,
			);
			name = Products;
			sourceTree = "<group>";
		};
		002A12D52248DEE2007470E7 /* CCOgg */ = {
			isa = PBXGroup;
			children = (
				002A12D62248DEE2007470E7 /* AppDelegate.h */,
				002A12D72248DEE2007470E7 /* AppDelegate.m */,
				002A12D92248DEE2007470E7 /* ViewController.h */,
				002A12DA2248DEE2007470E7 /* ViewController.m */,
				002A12DC2248DEE3007470E7 /* Assets.xcassets */,
				002A12DE2248DEE3007470E7 /* Main.storyboard */,
				002A12E12248DEE3007470E7 /* Info.plist */,
				002A12E22248DEE3007470E7 /* main.m */,
				002A12E42248DEE3007470E7 /* CCOgg.entitlements */,
			);
			path = CCOgg;
			sourceTree = "<group>";
		};
		002A12EF2248DEF7007470E7 /* CCOggiOS */ = {
			isa = PBXGroup;
			children = (
				002A12F02248DEF7007470E7 /* AppDelegate.h */,
				002A12F12248DEF7007470E7 /* AppDelegate.m */,
				002A12F32248DEF7007470E7 /* ViewController.h */,
				002A12F42248DEF7007470E7 /* ViewController.m */,
				002A12F62248DEF7007470E7 /* Main.storyboard */,
				002A12F92248DEF8007470E7 /* Assets.xcassets */,
				002A12FB2248DEF8007470E7 /* LaunchScreen.storyboard */,
				002A12FE2248DEF8007470E7 /* Info.plist */,
				002A12FF2248DEF8007470E7 /* main.m */,
			);
			path = CCOggiOS;
			sourceTree = "<group>";
		};
		20760F906104DC416FCD72E6 /* Frameworks */ = {
			isa = PBXGroup;
			children = (
				26376BC95090F30C29179A3E /* libPods-CCOgg.a */,
				223C825B69306A225BBE8923 /* libPods-CCOggiOS.a */,
			);
			name = Frameworks;
			sourceTree = "<group>";
		};
		71C3622E7E20B4FE03CE8FF3 /* Pods */ = {
			isa = PBXGroup;
			children = (
				D3BBC987F5067119C86F359E /* Pods-CCOgg.debug.xcconfig */,
				97F241314ACE0A7748663A80 /* Pods-CCOgg.release.xcconfig */,
				1D9B922C04D0AAB7212E5EA1 /* Pods-CCOggiOS.debug.xcconfig */,
				E4A258A875FFCF719C4DA408 /* Pods-CCOggiOS.release.xcconfig */,
			);
			name = Pods;
			path = Pods;
			sourceTree = "<group>";
		};
/* End PBXGroup section */

/* Begin PBXNativeTarget section */
		002A12D22248DEE2007470E7 /* CCOgg */ = {
			isa = PBXNativeTarget;
			buildConfigurationList = 002A12E72248DEE3007470E7 /* Build configuration list for PBXNativeTarget "CCOgg" */;
			buildPhases = (
				7EF41876276C6962BFE39699 /* [CP] Check Pods Manifest.lock */,
				002A12CF2248DEE2007470E7 /* Sources */,
				002A12D02248DEE2007470E7 /* Frameworks */,
				002A12D12248DEE2007470E7 /* Resources */,
			);
			buildRules = (
			);
			dependencies = (
			);
			name = CCOgg;
			productName = CCOgg;
			productReference = 002A12D32248DEE2007470E7 /* CCOgg.app */;
			productType = "com.apple.product-type.application";
		};
		002A12ED2248DEF7007470E7 /* CCOggiOS */ = {
			isa = PBXNativeTarget;
			buildConfigurationList = 002A13012248DEF8007470E7 /* Build configuration list for PBXNativeTarget "CCOggiOS" */;
			buildPhases = (
				7DD154B5EABDD784C5AF84AC /* [CP] Check Pods Manifest.lock */,
				002A12EA2248DEF7007470E7 /* Sources */,
				002A12EB2248DEF7007470E7 /* Frameworks */,
				002A12EC2248DEF7007470E7 /* Resources */,
			);
			buildRules = (
			);
			dependencies = (
			);
			name = CCOggiOS;
			productName = CCOggiOS;
			productReference = 002A12EE2248DEF7007470E7 /* CCOggiOS.app */;
			productType = "com.apple.product-type.application";
		};
/* End PBXNativeTarget section */

/* Begin PBXProject section */
		002A12CB2248DEE2007470E7 /* Project object */ = {
			isa = PBXProject;
			attributes = {
				LastUpgradeCheck = 1010;
				ORGANIZATIONNAME = "cc | ccworld1000@gmail.com";
				TargetAttributes = {
					002A12D22248DEE2007470E7 = {
						CreatedOnToolsVersion = 10.1;
					};
					002A12ED2248DEF7007470E7 = {
						CreatedOnToolsVersion = 10.1;
					};
				};
			};
			buildConfigurationList = 002A12CE2248DEE2007470E7 /* Build configuration list for PBXProject "CCOgg" */;
			compatibilityVersion = "Xcode 9.3";
			developmentRegion = en;
			hasScannedForEncodings = 0;
			knownRegions = (
				en,
				Base,
			);
			mainGroup = 002A12CA2248DEE2007470E7;
			productRefGroup = 002A12D42248DEE2007470E7 /* Products */;
			projectDirPath = "";
			projectRoot = "";
			targets = (
				002A12D22248DEE2007470E7 /* CCOgg */,
				002A12ED2248DEF7007470E7 /* CCOggiOS */,
			);
		};
/* End PBXProject section */

/* Begin PBXResourcesBuildPhase section */
		002A12D12248DEE2007470E7 /* Resources */ = {
			isa = PBXResourcesBuildPhase;
			buildActionMask = 2147483647;
			files = (
				002A12DD2248DEE3007470E7 /* Assets.xcassets in Resources */,
				002A12E02248DEE3007470E7 /* Main.storyboard in Resources */,
			);
			runOnlyForDeploymentPostprocessing = 0;
		};
		002A12EC2248DEF7007470E7 /* Resources */ = {
			isa = PBXResourcesBuildPhase;
			buildActionMask = 2147483647;
			files = (
				002A12FD2248DEF8007470E7 /* LaunchScreen.storyboard in Resources */,
				002A12FA2248DEF8007470E7 /* Assets.xcassets in Resources */,
				002A12F82248DEF7007470E7 /* Main.storyboard in Resources */,
			);
			runOnlyForDeploymentPostprocessing = 0;
		};
/* End PBXResourcesBuildPhase section */

/* Begin PBXShellScriptBuildPhase section */
		7DD154B5EABDD784C5AF84AC /* [CP] Check Pods Manifest.lock */ = {
			isa = PBXShellScriptBuildPhase;
			buildActionMask = 2147483647;
			files = (
			);
			inputFileListPaths = (
			);
			inputPaths = (
				"${PODS_PODFILE_DIR_PATH}/Podfile.lock",
				"${PODS_ROOT}/Manifest.lock",
			);
			name = "[CP] Check Pods Manifest.lock";
			outputFileListPaths = (
			);
			outputPaths = (
				"$(DERIVED_FILE_DIR)/Pods-CCOggiOS-checkManifestLockResult.txt",
			);
			runOnlyForDeploymentPostprocessing = 0;
			shellPath = /bin/sh;
			shellScript = "diff \"${PODS_PODFILE_DIR_PATH}/Podfile.lock\" \"${PODS_ROOT}/Manifest.lock\" > /dev/null\nif [ $? != 0 ] ; then\n    # print error to STDERR\n    echo \"error: The sandbox is not in sync with the Podfile.lock. Run 'pod install' or update your CocoaPods installation.\" >&2\n    exit 1\nfi\n# This output is used by Xcode 'outputs' to avoid re-running this script phase.\necho \"SUCCESS\" > \"${SCRIPT_OUTPUT_FILE_0}\"\n";
			showEnvVarsInLog = 0;
		};
		7EF41876276C6962BFE39699 /* [CP] Check Pods Manifest.lock */ = {
			isa = PBXShellScriptBuildPhase;
			buildActionMask = 2147483647;
			files = (
			);
			inputFileListPaths = (
			);
			inputPaths = (
				"${PODS_PODFILE_DIR_PATH}/Podfile.lock",
				"${PODS_ROOT}/Manifest.lock",
			);
			name = "[CP] Check Pods Manifest.lock";
			outputFileListPaths = (
			);
			outputPaths = (
				"$(DERIVED_FILE_DIR)/Pods-CCOgg-checkManifestLockResult.txt",
			);
			runOnlyForDeploymentPostprocessing = 0;
			shellPath = /bin/sh;
			shellScript = "diff \"${PODS_PODFILE_DIR_PATH}/Podfile.lock\" \"${PODS_ROOT}/Manifest.lock\" > /dev/null\nif [ $? != 0 ] ; then\n    # print error to STDERR\n    echo \"error: The sandbox is not in sync with the Podfile.lock. Run 'pod install' or update your CocoaPods installation.\" >&2\n    exit 1\nfi\n# This output is used by Xcode 'outputs' to avoid re-running this script phase.\necho \"SUCCESS\" > \"${SCRIPT_OUTPUT_FILE_0}\"\n";
			showEnvVarsInLog = 0;
		};
/* End PBXShellScriptBuildPhase section */

/* Begin PBXSourcesBuildPhase section */
		002A12CF2248DEE2007470E7 /* Sources */ = {
			isa = PBXSourcesBuildPhase;
			buildActionMask = 2147483647;
			files = (
				002A12DB2248DEE2007470E7 /* ViewController.m in Sources */,
				002A12E32248DEE3007470E7 /* main.m in Sources */,
				002A12D82248DEE2007470E7 /* AppDelegate.m in Sources */,
			);
			runOnlyForDeploymentPostprocessing = 0;
		};
		002A12EA2248DEF7007470E7 /* Sources */ = {
			isa = PBXSourcesBuildPhase;
			buildActionMask = 2147483647;
			files = (
				002A12F52248DEF7007470E7 /* ViewController.m in Sources */,
				002A13002248DEF8007470E7 /* main.m in Sources */,
				002A12F22248DEF7007470E7 /* AppDelegate.m in Sources */,
			);
			runOnlyForDeploymentPostprocessing = 0;
		};
/* End PBXSourcesBuildPhase section */

/* Begin PBXVariantGroup section */
		002A12DE2248DEE3007470E7 /* Main.storyboard */ = {
			isa = PBXVariantGroup;
			children = (
				002A12DF2248DEE3007470E7 /* Base */,
			);
			name = Main.storyboard;
			sourceTree = "<group>";
		};
		002A12F62248DEF7007470E7 /* Main.storyboard */ = {
			isa = PBXVariantGroup;
			children = (
				002A12F72248DEF7007470E7 /* Base */,
			);
			name = Main.storyboard;
			sourceTree = "<group>";
		};
		002A12FB2248DEF8007470E7 /* LaunchScreen.storyboard */ = {
			isa = PBXVariantGroup;
			children = (
				002A12FC2248DEF8007470E7 /* Base */,
			);
			name = LaunchScreen.storyboard;
			sourceTree = "<group>";
		};
/* End PBXVariantGroup section */

/* Begin XCBuildConfiguration section */
		002A12E52248DEE3007470E7 /* Debug */ = {
			isa = XCBuildConfiguration;
			buildSettings = {
				ALWAYS_SEARCH_USER_PATHS = NO;
				CLANG_ANALYZER_NONNULL = YES;
				CLANG_ANALYZER_NUMBER_OBJECT_CONVERSION = YES_AGGRESSIVE;
				CLANG_CXX_LANGUAGE_STANDARD = "gnu++14";
				CLANG_CXX_LIBRARY = "libc++";
				CLANG_ENABLE_MODULES = YES;
				CLANG_ENABLE_OBJC_ARC = YES;
				CLANG_ENABLE_OBJC_WEAK = YES;
				CLANG_WARN_BLOCK_CAPTURE_AUTORELEASING = YES;
				CLANG_WARN_BOOL_CONVERSION = YES;
				CLANG_WARN_COMMA = YES;
				CLANG_WARN_CONSTANT_CONVERSION = YES;
				CLANG_WARN_DEPRECATED_OBJC_IMPLEMENTATIONS = YES;
				CLANG_WARN_DIRECT_OBJC_ISA_USAGE = YES_ERROR;
				CLANG_WARN_DOCUMENTATION_COMMENTS = YES;
				CLANG_WARN_EMPTY_BODY = YES;
				CLANG_WARN_ENUM_CONVERSION = YES;
				CLANG_WARN_INFINITE_RECURSION = YES;
				CLANG_WARN_INT_CONVERSION = YES;
				CLANG_WARN_NON_LITERAL_NULL_CONVERSION = YES;
				CLANG_WARN_OBJC_IMPLICIT_RETAIN_SELF = YES;
				CLANG_WARN_OBJC_LITERAL_CONVERSION = YES;
				CLANG_WARN_OBJC_ROOT_CLASS = YES_ERROR;
				CLANG_WARN_RANGE_LOOP_ANALYSIS = YES;
				CLANG_WARN_STRICT_PROTOTYPES = YES;
				CLANG_WARN_SUSPICIOUS_MOVE = YES;
				CLANG_WARN_UNGUARDED_AVAILABILITY = YES_AGGRESSIVE;
				CLANG_WARN_UNREACHABLE_CODE = YES;
				CLANG_WARN__DUPLICATE_METHOD_MATCH = YES;
				CODE_SIGN_IDENTITY = "-";
				COPY_PHASE_STRIP = NO;
				DEBUG_INFORMATION_FORMAT = dwarf;
				ENABLE_STRICT_OBJC_MSGSEND = YES;
				ENABLE_TESTABILITY = YES;
				GCC_C_LANGUAGE_STANDARD = gnu11;
				GCC_DYNAMIC_NO_PIC = NO;
				GCC_NO_COMMON_BLOCKS = YES;
				GCC_OPTIMIZATION_LEVEL = 0;
				GCC_PREPROCESSOR_DEFINITIONS = (
					"DEBUG=1",
					"$(inherited)",
				);
				GCC_WARN_64_TO_32_BIT_CONVERSION = YES;
				GCC_WARN_ABOUT_RETURN_TYPE = YES_ERROR;
				GCC_WARN_UNDECLARED_SELECTOR = YES;
				GCC_WARN_UNINITIALIZED_AUTOS = YES_AGGRESSIVE;
				GCC_WARN_UNUSED_FUNCTION = YES;
				GCC_WARN_UNUSED_VARIABLE = YES;
				MACOSX_DEPLOYMENT_TARGET = 10.14;
				MTL_ENABLE_DEBUG_INFO = INCLUDE_SOURCE;
				MTL_FAST_MATH = YES;
				ONLY_ACTIVE_ARCH = YES;
				SDKROOT = macosx;
			};
			name = Debug;
		};
		002A12E62248DEE3007470E7 /* Release */ = {
			isa = XCBuildConfiguration;
			buildSettings = {
				ALWAYS_SEARCH_USER_PATHS = NO;
				CLANG_ANALYZER_NONNULL = YES;
				CLANG_ANALYZER_NUMBER_OBJECT_CONVERSION = YES_AGGRESSIVE;
				CLANG_CXX_LANGUAGE_STANDARD = "gnu++14";
				CLANG_CXX_LIBRARY = "libc++";
				CLANG_ENABLE_MODULES = YES;
				CLANG_ENABLE_OBJC_ARC = YES;
				CLANG_ENABLE_OBJC_WEAK = YES;
				CLANG_WARN_BLOCK_CAPTURE_AUTORELEASING = YES;
				CLANG_WARN_BOOL_CONVERSION = YES;
				CLANG_WARN_COMMA = YES;
				CLANG_WARN_CONSTANT_CONVERSION = YES;
				CLANG_WARN_DEPRECATED_OBJC_IMPLEMENTATIONS = YES;
				CLANG_WARN_DIRECT_OBJC_ISA_USAGE = YES_ERROR;
				CLANG_WARN_DOCUMENTATION_COMMENTS = YES;
				CLANG_WARN_EMPTY_BODY = YES;
				CLANG_WARN_ENUM_CONVERSION = YES;
				CLANG_WARN_INFINITE_RECURSION = YES;
				CLANG_WARN_INT_CONVERSION = YES;
				CLANG_WARN_NON_LITERAL_NULL_CONVERSION = YES;
				CLANG_WARN_OBJC_IMPLICIT_RETAIN_SELF = YES;
				CLANG_WARN_OBJC_LITERAL_CONVERSION = YES;
				CLANG_WARN_OBJC_ROOT_CLASS = YES_ERROR;
				CLANG_WARN_RANGE_LOOP_ANALYSIS = YES;
				CLANG_WARN_STRICT_PROTOTYPES = YES;
				CLANG_WARN_SUSPICIOUS_MOVE = YES;
				CLANG_WARN_UNGUARDED_AVAILABILITY = YES_AGGRESSIVE;
				CLANG_WARN_UNREACHABLE_CODE = YES;
				CLANG_WARN__DUPLICATE_METHOD_MATCH = YES;
				CODE_SIGN_IDENTITY = "-";
				COPY_PHASE_STRIP = NO;
				DEBUG_INFORMATION_FORMAT = "dwarf-with-dsym";
				ENABLE_NS_ASSERTIONS = NO;
				ENABLE_STRICT_OBJC_MSGSEND = YES;
				GCC_C_LANGUAGE_STANDARD = gnu11;
				GCC_NO_COMMON_BLOCKS = YES;
				GCC_WARN_64_TO_32_BIT_CONVERSION = YES;
				GCC_WARN_ABOUT_RETURN_TYPE = YES_ERROR;
				GCC_WARN_UNDECLARED_SELECTOR = YES;
				GCC_WARN_UNINITIALIZED_AUTOS = YES_AGGRESSIVE;
				GCC_WARN_UNUSED_FUNCTION = YES;
				GCC_WARN_UNUSED_VARIABLE = YES;
				MACOSX_DEPLOYMENT_TARGET = 10.14;
				MTL_ENABLE_DEBUG_INFO = NO;
				MTL_FAST_MATH = YES;
				SDKROOT = macosx;
			};
			name = Release;
		};
		002A12E82248DEE3007470E7 /* Debug */ = {
			isa = XCBuildConfiguration;
			baseConfigurationReference = D3BBC987F5067119C86F359E /* Pods-CCOgg.debug.xcconfig */;
			buildSettings = {
				ASSETCATALOG_COMPILER_APPICON_NAME = AppIcon;
				CODE_SIGN_ENTITLEMENTS = CCOgg/CCOgg.entitlements;
				CODE_SIGN_STYLE = Automatic;
				COMBINE_HIDPI_IMAGES = YES;
				INFOPLIST_FILE = CCOgg/Info.plist;
				LD_RUNPATH_SEARCH_PATHS = (
					"$(inherited)",
					"@executable_path/../Frameworks",
				);
				PRODUCT_BUNDLE_IDENTIFIER = com.cc.CCOgg;
				PRODUCT_NAME = "$(TARGET_NAME)";
			};
			name = Debug;
		};
		002A12E92248DEE3007470E7 /* Release */ = {
			isa = XCBuildConfiguration;
			baseConfigurationReference = 97F241314ACE0A7748663A80 /* Pods-CCOgg.release.xcconfig */;
			buildSettings = {
				ASSETCATALOG_COMPILER_APPICON_NAME = AppIcon;
				CODE_SIGN_ENTITLEMENTS = CCOgg/CCOgg.entitlements;
				CODE_SIGN_STYLE = Automatic;
				COMBINE_HIDPI_IMAGES = YES;
				INFOPLIST_FILE = CCOgg/Info.plist;
				LD_RUNPATH_SEARCH_PATHS = (
					"$(inherited)",
					"@executable_path/../Frameworks",
				);
				PRODUCT_BUNDLE_IDENTIFIER = com.cc.CCOgg;
				PRODUCT_NAME = "$(TARGET_NAME)";
			};
			name = Release;
		};
		002A13022248DEF8007470E7 /* Debug */ = {
			isa = XCBuildConfiguration;
			baseConfigurationReference = 1D9B922C04D0AAB7212E5EA1 /* Pods-CCOggiOS.debug.xcconfig */;
			buildSettings = {
				ASSETCATALOG_COMPILER_APPICON_NAME = AppIcon;
				CODE_SIGN_IDENTITY = "iPhone Developer";
				CODE_SIGN_STYLE = Automatic;
				INFOPLIST_FILE = CCOggiOS/Info.plist;
				IPHONEOS_DEPLOYMENT_TARGET = 12.1;
				LD_RUNPATH_SEARCH_PATHS = (
					"$(inherited)",
					"@executable_path/Frameworks",
				);
				PRODUCT_BUNDLE_IDENTIFIER = com.cc.CCOggiOS;
				PRODUCT_NAME = "$(TARGET_NAME)";
				SDKROOT = iphoneos;
				TARGETED_DEVICE_FAMILY = "1,2";
			};
			name = Debug;
		};
		002A13032248DEF8007470E7 /* Release */ = {
			isa = XCBuildConfiguration;
			baseConfigurationReference = E4A258A875FFCF719C4DA408 /* Pods-CCOggiOS.release.xcconfig */;
			buildSettings = {
				ASSETCATALOG_COMPILER_APPICON_NAME = AppIcon;
				CODE_SIGN_IDENTITY = "iPhone Developer";
				CODE_SIGN_STYLE = Automatic;
				INFOPLIST_FILE = CCOggiOS/Info.plist;
				IPHONEOS_DEPLOYMENT_TARGET = 12.1;
				LD_RUNPATH_SEARCH_PATHS = (
					"$(inherited)",
					"@executable_path/Frameworks",
				);
				PRODUCT_BUNDLE_IDENTIFIER = com.cc.CCOggiOS;
				PRODUCT_NAME = "$(TARGET_NAME)";
				SDKROOT = iphoneos;
				TARGETED_DEVICE_FAMILY = "1,2";
				VALIDATE_PRODUCT = YES;
			};
			name = Release;
		};
/* End XCBuildConfiguration section */

/* Begin XCConfigurationList section */
		002A12CE2248DEE2007470E7 /* Build configuration list for PBXProject "CCOgg" */ = {
			isa = XCConfigurationList;
			buildConfigurations = (
				002A12E52248DEE3007470E7 /* Debug */,
				002A12E62248DEE3007470E7 /* Release */,
			);
			defaultConfigurationIsVisible = 0;
			defaultConfigurationName = Release;
		};
		002A12E72248DEE3007470E7 /* Build configuration list for PBXNativeTarget "CCOgg" */ = {
			isa = XCConfigurationList;
			buildConfigurations = (
				002A12E82248DEE3007470E7 /* Debug */,
				002A12E92248DEE3007470E7 /* Release */,
			);
			defaultConfigurationIsVisible = 0;
			defaultConfigurationName = Release;
		};
		002A13012248DEF8007470E7 /* Build configuration list for PBXNativeTarget "CCOggiOS" */ = {
			isa = XCConfigurationList;
			buildConfigurations = (
				002A13022248DEF8007470E7 /* Debug */,
				002A13032248DEF8007470E7 /* Release */,
			);
			defaultConfigurationIsVisible = 0;
			defaultConfigurationName = Release;
		};
/* End XCConfigurationList section */
	};
	rootObject = 002A12CB2248DEE2007470E7 /* Project object */;
}
